// !$*UTF8*$!
{
	archiveVersion = 1;
	classes = {
	};
	objectVersion = 46;
	objects = {

/* Begin PBXBuildFile section */
		6350B2431D582FD6006AC28A /* AppDelegate.swift in Sources */ = {isa = PBXBuildFile; fileRef = 6350B2421D582FD6006AC28A /* AppDelegate.swift */; };
		6350B2451D582FD6006AC28A /* ViewController.swift in Sources */ = {isa = PBXBuildFile; fileRef = 6350B2441D582FD6006AC28A /* ViewController.swift */; };
		6350B2481D582FD7006AC28A /* Main.storyboard in Resources */ = {isa = PBXBuildFile; fileRef = 6350B2461D582FD7006AC28A /* Main.storyboard */; };
		6350B24A1D582FD7006AC28A /* Assets.xcassets in Resources */ = {isa = PBXBuildFile; fileRef = 6350B2491D582FD7006AC28A /* Assets.xcassets */; };
		6350B24D1D582FD7006AC28A /* LaunchScreen.storyboard in Resources */ = {isa = PBXBuildFile; fileRef = 6350B24B1D582FD7006AC28A /* LaunchScreen.storyboard */; };
/* End PBXBuildFile section */

/* Begin PBXFileReference section */
		6350B23F1D582FD6006AC28A /* Pokedex3.app */ = {isa = PBXFileReference; explicitFileType = wrapper.application; includeInIndex = 0; path = Pokedex3.app; sourceTree = BUILT_PRODUCTS_DIR; };
		6350B2421D582FD6006AC28A /* AppDelegate.swift */ = {isa = PBXFileReference; lastKnownFileType = sourcecode.swift; path = AppDelegate.swift; sourceTree = "<group>"; };
		6350B2441D582FD6006AC28A /* ViewController.swift */ = {isa = PBXFileReference; lastKnownFileType = sourcecode.swift; path = ViewController.swift; sourceTree = "<group>"; };
		6350B2471D582FD7006AC28A /* Base */ = {isa = PBXFileReference; lastKnownFileType = file.storyboard; name = Base; path = Base.lproj/Main.storyboard; sourceTree = "<group>"; };
		6350B2491D582FD7006AC28A /* Assets.xcassets */ = {isa = PBXFileReference; lastKnownFileType = folder.assetcatalog; path = Assets.xcassets; sourceTree = "<group>"; };
		6350B24C1D582FD7006AC28A /* Base */ = {isa = PBXFileReference; lastKnownFileType = file.storyboard; name = Base; path = Base.lproj/LaunchScreen.storyboard; sourceTree = "<group>"; };
		6350B24E1D582FD7006AC28A /* Info.plist */ = {isa = PBXFileReference; lastKnownFileType = text.plist.xml; path = Info.plist; sourceTree = "<group>"; };
/* End PBXFileReference section */

/* Begin PBXFrameworksBuildPhase section */
		6350B23C1D582FD6006AC28A /* Frameworks */ = {
			isa = PBXFrameworksBuildPhase;
			buildActionMask = 2147483647;
			files = (
			);
			runOnlyForDeploymentPostprocessing = 0;
		};
/* End PBXFrameworksBuildPhase section */

/* Begin PBXGroup section */
		6350B2361D582FD6006AC28A = {
			isa = PBXGroup;
			children = (
				6350B2411D582FD6006AC28A /* Pokedex3 */,
				6350B2401D582FD6006AC28A /* Products */,
			);
			sourceTree = "<group>";
		};
		6350B2401D582FD6006AC28A /* Products */ = {
			isa = PBXGroup;
			children = (
				6350B23F1D582FD6006AC28A /* Pokedex3.app */,
			);
			name = Products;
			sourceTree = "<group>";
		};
		6350B2411D582FD6006AC28A /* Pokedex3 */ = {
			isa = PBXGroup;
			children = (
				6350B2421D582FD6006AC28A /* AppDelegate.swift */,
				6350B2441D582FD6006AC28A /* ViewController.swift */,
				6350B2461D582FD7006AC28A /* Main.storyboard */,
				6350B2491D582FD7006AC28A /* Assets.xcassets */,
				6350B24B1D582FD7006AC28A /* LaunchScreen.storyboard */,
				6350B24E1D582FD7006AC28A /* Info.plist */,
			);
			path = Pokedex3;
			sourceTree = "<group>";
		};
/* End PBXGroup section */

/* Begin PBXNativeTarget section */
		6350B23E1D582FD6006AC28A /* Pokedex3 */ = {
			isa = PBXNativeTarget;
			buildConfigurationList = 6350B2511D582FD7006AC28A /* Build configuration list for PBXNativeTarget "Pokedex3" */;
			buildPhases = (
				6350B23B1D582FD6006AC28A /* Sources */,
				6350B23C1D582FD6006AC28A /* Frameworks */,
				6350B23D1D582FD6006AC28A /* Resources */,
			);
			buildRules = (
			);
			dependencies = (
			);
			name = Pokedex3;
			productName = Pokedex3;
			productReference = 6350B23F1D582FD6006AC28A /* Pokedex3.app */;
			productType = "com.apple.product-type.application";
		};
/* End PBXNativeTarget section */

/* Begin PBXProject section */
		6350B2371D582FD6006AC28A /* Project object */ = {
			isa = PBXProject;
			attributes = {
				LastSwiftUpdateCheck = 0800;
				LastUpgradeCheck = 0800;
				ORGANIZATIONNAME = Davidgun;
				TargetAttributes = {
					6350B23E1D582FD6006AC28A = {
						CreatedOnToolsVersion = 8.0;
						DevelopmentTeam = GD8VREVBA4;
						ProvisioningStyle = Automatic;
					};
				};
			};
			buildConfigurationList = 6350B23A1D582FD6006AC28A /* Build configuration list for PBXProject "Pokedex3" */;
			compatibilityVersion = "Xcode 3.2";
			developmentRegion = English;
			hasScannedForEncodings = 0;
			knownRegions = (
				en,
				Base,
			);
			mainGroup = 6350B2361D582FD6006AC28A;
			productRefGroup = 6350B2401D582FD6006AC28A /* Products */;
			projectDirPath = "";
			projectRoot = "";
			targets = (
				6350B23E1D582FD6006AC28A /* Pokedex3 */,
			);
		};
/* End PBXProject section */

/* Begin PBXResourcesBuildPhase section */
		6350B23D1D582FD6006AC28A /* Resources */ = {
			isa = PBXResourcesBuildPhase;
			buildActionMask = 2147483647;
			files = (
				6350B24D1D582FD7006AC28A /* LaunchScreen.storyboard in Resources */,
				6350B24A1D582FD7006AC28A /* Assets.xcassets in Resources */,
				6350B2481D582FD7006AC28A /* Main.storyboard in Resources */,
			);
			runOnlyForDeploymentPostprocessing = 0;
		};
/* End PBXResourcesBuildPhase section */

/* Begin PBXSourcesBuildPhase section */
		6350B23B1D582FD6006AC28A /* Sources */ = {
			isa = PBXSourcesBuildPhase;
			buildActionMask = 2147483647;
			files = (
				6350B2451D582FD6006AC28A /* ViewController.swift in Sources */,
				6350B2431D582FD6006AC28A /* AppDelegate.swift in Sources */,
			);
			runOnlyForDeploymentPostprocessing = 0;
		};
/* End PBXSourcesBuildPhase section */

/* Begin PBXVariantGroup section */
		6350B2461D582FD7006AC28A /* Main.storyboard */ = {
			isa = PBXVariantGroup;
			children = (
				6350B2471D582FD7006AC28A /* Base */,
			);
			name = Main.storyboard;
			sourceTree = "<group>";
		};
		6350B24B1D582FD7006AC28A /* LaunchScreen.storyboard */ = {
			isa = PBXVariantGroup;
			children = (
				6350B24C1D582FD7006AC28A /* Base */,
			);
			name = LaunchScreen.storyboard;
			sourceTree = "<group>";
		};
/* End PBXVariantGroup section */

/* Begin XCBuildConfiguration section */
		6350B24F1D582FD7006AC28A /* Debug */ = {
			isa = XCBuildConfiguration;
			buildSettings = {
				ALWAYS_SEARCH_USER_PATHS = NO;
				CLANG_ANALYZER_NONNULL = YES;
				CLANG_CXX_LANGUAGE_STANDARD = "gnu++0x";
				CLANG_CXX_LIBRARY = "libc++";
				CLANG_ENABLE_MODULES = YES;
				CLANG_ENABLE_OBJC_ARC = YES;
				CLANG_WARN_BOOL_CONVERSION = YES;
				CLANG_WARN_CONSTANT_CONVERSION = YES;
				CLANG_WARN_DIRECT_OBJC_ISA_USAGE = YES_ERROR;
				CLANG_WARN_DOCUMENTATION_COMMENTS = YES;
				CLANG_WARN_EMPTY_BODY = YES;
				CLANG_WARN_ENUM_CONVERSION = YES;
				CLANG_WARN_INFINITE_RECURSION = YES;
				CLANG_WARN_INT_CONVERSION = YES;
				CLANG_WARN_OBJC_ROOT_CLASS = YES_ERROR;
				CLANG_WARN_SUSPICIOUS_MOVES = YES;
				CLANG_WARN_UNREACHABLE_CODE = YES;
				CLANG_WARN__DUPLICATE_METHOD_MATCH = YES;
				"CODE_SIGN_IDENTITY[sdk=iphoneos*]" = "iPhone Developer";
				COPY_PHASE_STRIP = NO;
				DEBUG_INFORMATION_FORMAT = dwarf;
				ENABLE_STRICT_OBJC_MSGSEND = YES;
				ENABLE_TESTABILITY = YES;
				GCC_C_LANGUAGE_STANDARD = gnu99;
				GCC_DYNAMIC_NO_PIC = NO;
				GCC_NO_COMMON_BLOCKS = YES;
				GCC_OPTIMIZATION_LEVEL = 0;
				GCC_PREPROCESSOR_DEFINITIONS = (
					"DEBUG=1",
					"$(inherited)",
				);
				GCC_WARN_64_TO_32_BIT_CONVERSION = YES;
				GCC_WARN_ABOUT_RETURN_TYPE = YES_ERROR;
				GCC_WARN_UNDECLARED_SELECTOR = YES;
				GCC_WARN_UNINITIALIZED_AUTOS = YES_AGGRESSIVE;
				GCC_WARN_UNUSED_FUNCTION = YES;
				GCC_WARN_UNUSED_VARIABLE = YES;
				IPHONEOS_DEPLOYMENT_TARGET = 10.0;
				MTL_ENABLE_DEBUG_INFO = YES;
				ONLY_ACTIVE_ARCH = YES;
				SDKROOT = iphoneos;
				SWIFT_ACTIVE_COMPILATION_CONDITIONS = DEBUG;
				SWIFT_OPTIMIZATION_LEVEL = "-Onone";
			};
			name = Debug;
		};
		6350B2501D582FD7006AC28A /* Release */ = {
			isa = XCBuildConfiguration;
			buildSettings = {
				ALWAYS_SEARCH_USER_PATHS = NO;
				CLANG_ANALYZER_NONNULL = YES;
				CLANG_CXX_LANGUAGE_STANDARD = "gnu++0x";
				CLANG_CXX_LIBRARY = "libc++";
				CLANG_ENABLE_MODULES = YES;
				CLANG_ENABLE_OBJC_ARC = YES;
				CLANG_WARN_BOOL_CONVERSION = YES;
				CLANG_WARN_CONSTANT_CONVERSION = YES;
				CLANG_WARN_DIRECT_OBJC_ISA_USAGE = YES_ERROR;
				CLANG_WARN_DOCUMENTATION_COMMENTS = YES;
				CLANG_WARN_EMPTY_BODY = YES;
				CLANG_WARN_ENUM_CONVERSION = YES;
				CLANG_WARN_INFINITE_RECURSION = YES;
				CLANG_WARN_INT_CONVERSION = YES;
				CLANG_WARN_OBJC_ROOT_CLASS = YES_ERROR;
				CLANG_WARN_SUSPICIOUS_MOVES = YES;
				CLANG_WARN_UNREACHABLE_CODE = YES;
				CLANG_WARN__DUPLICATE_METHOD_MATCH = YES;
				"CODE_SIGN_IDENTITY[sdk=iphoneos*]" = "iPhone Developer";
				COPY_PHASE_STRIP = NO;
				DEBUG_INFORMATION_FORMAT = "dwarf-with-dsym";
				ENABLE_NS_ASSERTIONS = NO;
				ENABLE_STRICT_OBJC_MSGSEND = YES;
				GCC_C_LANGUAGE_STANDARD = gnu99;
				GCC_NO_COMMON_BLOCKS = YES;
				GCC_WARN_64_TO_32_BIT_CONVERSION = YES;
				GCC_WARN_ABOUT_RETURN_TYPE = YES_ERROR;
				GCC_WARN_UNDECLARED_SELECTOR = YES;
				GCC_WARN_UNINITIALIZED_AUTOS = YES_AGGRESSIVE;
				GCC_WARN_UNUSED_FUNCTION = YES;
				GCC_WARN_UNUSED_VARIABLE = YES;
				IPHONEOS_DEPLOYMENT_TARGET = 10.0;
				MTL_ENABLE_DEBUG_INFO = NO;
				SDKROOT = iphoneos;
				SWIFT_OPTIMIZATION_LEVEL = "-Owholemodule";
				VALIDATE_PRODUCT = YES;
			};
			name = Release;
		};
		6350B2521D582FD7006AC28A /* Debug */ = {
			isa = XCBuildConfiguration;
			buildSettings = {
				ASSETCATALOG_COMPILER_APPICON_NAME = AppIcon;
				DEVELOPMENT_TEAM = GD8VREVBA4;
				INFOPLIST_FILE = Pokedex3/Info.plist;
				LD_RUNPATH_SEARCH_PATHS = "$(inherited) @executable_path/Frameworks";
				PRODUCT_BUNDLE_IDENTIFIER = com.ligun.Pokedex3;
				PRODUCT_NAME = "$(TARGET_NAME)";
				SWIFT_VERSION = 3.0;
			};
			name = Debug;
		};
		6350B2531D582FD7006AC28A /* Release */ = {
			isa = XCBuildConfiguration;
			buildSettings = {
				ASSETCATALOG_COMPILER_APPICON_NAME = AppIcon;
				DEVELOPMENT_TEAM = GD8VREVBA4;
				INFOPLIST_FILE = Pokedex3/Info.plist;
				LD_RUNPATH_SEARCH_PATHS = "$(inherited) @executable_path/Frameworks";
				PRODUCT_BUNDLE_IDENTIFIER = com.ligun.Pokedex3;
				PRODUCT_NAME = "$(TARGET_NAME)";
				SWIFT_VERSION = 3.0;
			};
			name = Release;
		};
/* End XCBuildConfiguration section */

/* Begin XCConfigurationList section */
		6350B23A1D582FD6006AC28A /* Build configuration list for PBXProject "Pokedex3" */ = {
			isa = XCConfigurationList;
			buildConfigurations = (
				6350B24F1D582FD7006AC28A /* Debug */,
				6350B2501D582FD7006AC28A /* Release */,
			);
			defaultConfigurationIsVisible = 0;
			defaultConfigurationName = Release;
		};
		6350B2511D582FD7006AC28A /* Build configuration list for PBXNativeTarget "Pokedex3" */ = {
			isa = XCConfigurationList;
			buildConfigurations = (
				6350B2521D582FD7006AC28A /* Debug */,
				6350B2531D582FD7006AC28A /* Release */,
			);
			defaultConfigurationIsVisible = 0;
		};
/* End XCConfigurationList section */
	};
	rootObject = 6350B2371D582FD6006AC28A /* Project object */;
}
